
Microsoft Visual Studio Solution File, Format Version 12.00
# Visual Studio Version 17
VisualStudioVersion = 17.5.002.0
MinimumVisualStudioVersion = 10.0.40219.1
Project("{9A19103F-16F7-4668-BE54-9A1E7A4F7556}") = "TuberTreats", "TuberTreats.csproj", "{CA7B5FE3-DE9A-464D-9EA8-BCFE89E7FF7F}"
EndProject
Global
	GlobalSection(SolutionConfigurationPlatforms) = preSolution
		Debug|Any CPU = Debug|Any CPU
		Release|Any CPU = Release|Any CPU
	EndGlobalSection
	GlobalSection(ProjectConfigurationPlatforms) = postSolution
		{CA7B5FE3-DE9A-464D-9EA8-BCFE89E7FF7F}.Debug|Any CPU.ActiveCfg = Debug|Any CPU
		{CA7B5FE3-DE9A-464D-9EA8-BCFE89E7FF7F}.Debug|Any CPU.Build.0 = Debug|Any CPU
		{CA7B5FE3-DE9A-464D-9EA8-BCFE89E7FF7F}.Release|Any CPU.ActiveCfg = Release|Any CPU
		{CA7B5FE3-DE9A-464D-9EA8-BCFE89E7FF7F}.Release|Any CPU.Build.0 = Release|Any CPU
	EndGlobalSection
	GlobalSection(SolutionProperties) = preSolution
		HideSolutionNode = FALSE
	EndGlobalSection
	GlobalSection(ExtensibilityGlobals) = postSolution
		SolutionGuid = {004128C5-2A78-4677-BC09-65EE6F52158E}
	EndGlobalSection
EndGlobal
